
Microsoft Visual Studio Solution File, Format Version 12.00
# Visual Studio Version 17
VisualStudioVersion = 17.9.34728.123
MinimumVisualStudioVersion = 10.0.40219.1
Project("{9A19103F-16F7-4668-BE54-9A1E7A4F7556}") = "BellBanking", "BellBanking\BellBanking.csproj", "{228B3D5A-0CB2-4287-986F-E9EAE2D35521}"
EndProject
Project("{2150E333-8FDC-42A3-9474-1A3956D46DE8}") = "Core", "Core", "{05E02E20-9BA9-4744-9656-9F06752BC5C5}"
EndProject
Project("{2150E333-8FDC-42A3-9474-1A3956D46DE8}") = "Infrastructure", "Infrastructure", "{85FEF92D-8147-4AC0-9101-AD303C646D76}"
EndProject
Project("{9A19103F-16F7-4668-BE54-9A1E7A4F7556}") = "BellBanking.Infraestructure.Identity", "BellBanking.Infraestructure.Identity\BellBanking.Infraestructure.Identity.csproj", "{FD42325C-59C5-416E-8600-E2E9EC9DBB8F}"
EndProject
Project("{FAE04EC0-301F-11D3-BF4B-00C04F79EFBC}") = "BellBanking.Core.Application", "BellBanking.Core.Application\BellBanking.Core.Application.csproj", "{BCE9866F-33DE-47E7-9D27-4D1F420880F3}"
EndProject
Global
	GlobalSection(SolutionConfigurationPlatforms) = preSolution
		Debug|Any CPU = Debug|Any CPU
		Release|Any CPU = Release|Any CPU
	EndGlobalSection
	GlobalSection(ProjectConfigurationPlatforms) = postSolution
		{228B3D5A-0CB2-4287-986F-E9EAE2D35521}.Debug|Any CPU.ActiveCfg = Debug|Any CPU
		{228B3D5A-0CB2-4287-986F-E9EAE2D35521}.Debug|Any CPU.Build.0 = Debug|Any CPU
		{228B3D5A-0CB2-4287-986F-E9EAE2D35521}.Release|Any CPU.ActiveCfg = Release|Any CPU
		{228B3D5A-0CB2-4287-986F-E9EAE2D35521}.Release|Any CPU.Build.0 = Release|Any CPU
		{FD42325C-59C5-416E-8600-E2E9EC9DBB8F}.Debug|Any CPU.ActiveCfg = Debug|Any CPU
		{FD42325C-59C5-416E-8600-E2E9EC9DBB8F}.Debug|Any CPU.Build.0 = Debug|Any CPU
		{FD42325C-59C5-416E-8600-E2E9EC9DBB8F}.Release|Any CPU.ActiveCfg = Release|Any CPU
		{FD42325C-59C5-416E-8600-E2E9EC9DBB8F}.Release|Any CPU.Build.0 = Release|Any CPU
		{BCE9866F-33DE-47E7-9D27-4D1F420880F3}.Debug|Any CPU.ActiveCfg = Debug|Any CPU
		{BCE9866F-33DE-47E7-9D27-4D1F420880F3}.Debug|Any CPU.Build.0 = Debug|Any CPU
		{BCE9866F-33DE-47E7-9D27-4D1F420880F3}.Release|Any CPU.ActiveCfg = Release|Any CPU
		{BCE9866F-33DE-47E7-9D27-4D1F420880F3}.Release|Any CPU.Build.0 = Release|Any CPU
	EndGlobalSection
	GlobalSection(SolutionProperties) = preSolution
		HideSolutionNode = FALSE
	EndGlobalSection
	GlobalSection(NestedProjects) = preSolution
		{FD42325C-59C5-416E-8600-E2E9EC9DBB8F} = {85FEF92D-8147-4AC0-9101-AD303C646D76}
		{BCE9866F-33DE-47E7-9D27-4D1F420880F3} = {05E02E20-9BA9-4744-9656-9F06752BC5C5}
	EndGlobalSection
	GlobalSection(ExtensibilityGlobals) = postSolution
		SolutionGuid = {14D98E1E-6888-4806-AED5-C29753E96794}
	EndGlobalSection
EndGlobal
